lockfileVersion: '9.0'

settings:
  autoInstallPeers: true
  excludeLinksFromLockfile: false

importers:

  .:
    dependencies:
      hono:
        specifier: ^4.6.9
        version: 4.6.9
      sst:
        specifier: 3.3.18
        version: 3.3.18(hono@4.6.9)
    devDependencies:
      '@cloudflare/workers-types':
        specifier: 4.20241106.0
        version: 4.20241106.0
      prettier:
        specifier: ^3.3.3
        version: 3.3.3

packages:

  '@cloudflare/workers-types@4.20241106.0':
    resolution: {integrity: sha512-pI4ivacmp+vgNO/siHDsZ6BdITR0LC4Mh/1+yzVLcl9U75pt5DUDCOWOiqIRFXRq6H65DPnJbEPFo3x9UfgofQ==}

  aws4fetch@1.0.20:
    resolution: {integrity: sha512-/djoAN709iY65ETD6LKCtyyEI04XIBP5xVvfmNxsEP0uJB5tyaGBztSryRr4HqMStr9R06PisQE7m9zDTXKu6g==}

  hono@4.6.9:
    resolution: {integrity: sha512-p/pN5yZLuZaHzyAOT2nw2/Ud6HhJHYmDNGH6Ck1OWBhPMVeM1r74jbCRwNi0gyFRjjbsGgoHbOyj7mT1PDNbTw==}
    engines: {node: '>=16.9.0'}

  jose@4.15.9:
    resolution: {integrity: sha512-1vUQX+IdDMVPj4k8kOxgUqlcK518yluMuGZwqlr44FS1ppZB/5GWh4rZG89erpOBOJjU/OBsnCVFfapsRz6nEA==}

  jose@5.2.3:
    resolution: {integrity: sha512-KUXdbctm1uHVL8BYhnyHkgp3zDX5KW8ZhAKVFEfUbU2P8Alpzjb+48hHvjOdQIyPshoblhzsuqOwEEAbtHVirA==}

  lru-cache@6.0.0:
    resolution: {integrity: sha512-Jo6dJ04CmSjuznwJSS3pUeWmd/H0ffTlkXXgwZi+eq1UCmqQwCh+eLsYOYCwY991i2Fah4h1BEMCx4qThGbsiA==}
    engines: {node: '>=10'}

  object-hash@2.2.0:
    resolution: {integrity: sha512-gScRMn0bS5fH+IuwyIFgnh9zBdo4DV+6GhygmWM9HyNJSgS0hScp1f5vjtm7oIIOiT9trXrShAkLFSc2IqKNgw==}
    engines: {node: '>= 6'}

  oidc-token-hash@5.0.3:
    resolution: {integrity: sha512-IF4PcGgzAr6XXSff26Sk/+P4KZFJVuHAJZj3wgO3vX2bMdNVp/QXTP3P7CEm9V1IdG8lDLY3HhiqpsE/nOwpPw==}
    engines: {node: ^10.13.0 || >=12.0.0}

  openid-client@5.6.4:
    resolution: {integrity: sha512-T1h3B10BRPKfcObdBklX639tVz+xh34O7GjofqrqiAQdm7eHsQ00ih18x6wuJ/E6FxdtS2u3FmUGPDeEcMwzNA==}

  prettier@3.3.3:
    resolution: {integrity: sha512-i2tDNA0O5IrMO757lfrdQZCc2jPNDVntV0m/+4whiDfWaTKfMNgR7Qz0NAeGz/nRqF4m5/6CLzbP4/liHt12Ew==}
    engines: {node: '>=14'}
    hasBin: true

  sst-darwin-arm64@3.3.18:
    resolution: {integrity: sha512-H5K9eDFXSQrymTCCE8PtiCN6RKv80icmElGj2AwIINxnVUaBcswrIVt5m1BNOfWhWGPPBQNSIHof9pvCEfcKgQ==}
    cpu: [arm64]
    os: [darwin]

  sst-darwin-x64@3.3.18:
    resolution: {integrity: sha512-1GFNaMqFGAhaGi6fc/aYWZfuIaQAGJQYUZO3ZHM7qCP3mDJ8Tdbf999FHLE15kkdlsLu95g97GI+Ssd8zyDqig==}
    cpu: [x64]
    os: [darwin]

  sst-linux-arm64@3.3.18:
    resolution: {integrity: sha512-FBWN5rRnt4OOQfXmoM8EJ0OR9lnX/M2/S2GPOZT9tsOQd9aqVqTp5rYdmDHR++Xy8XZvXT2nrXr1ntnpYiSt4g==}
    cpu: [arm64]
    os: [linux]

  sst-linux-x64@3.3.18:
    resolution: {integrity: sha512-34T846eri+8qCbwgq0p54OkMonZR6GSDQmmtKJOgV1FirqqRxfIEiiJsmDsU6W1LOShaAYudsxxKYzXFdrwwqA==}
    cpu: [x64]
    os: [linux]

  sst-linux-x86@3.3.18:
    resolution: {integrity: sha512-tjFQa4cMHztHk47dvMNTEM9vmA0vzJU0O4Va2A/cUCx4lzUvBSxgAgwoH0lwQ4qkKvMuuMi/IxKxG1d6VReFGw==}
    cpu: [x86]
    os: [linux]

  sst@3.3.18:
    resolution: {integrity: sha512-wdKkoOrnfgUEp93QFvNmRfYfvX0FCeQv5r7R6hREO6WpTTdX85BJrShO3JKXd8MndnMfv5OeP+PvfLjE3PB1FQ==}
    hasBin: true
    peerDependencies:
      hono: 4.x
      valibot: 0.30.x
    peerDependenciesMeta:
      hono:
        optional: true
      valibot:
        optional: true

  yallist@4.0.0:
    resolution: {integrity: sha512-3wdGidZyq5PB084XLES5TpOSRA3wjXAlIWMhum2kRcv/41Sn2emQ0dycQW4uZXLejwKvg6EsvbdlVL+FYEct7A==}

snapshots:

  '@cloudflare/workers-types@4.20241106.0': {}

  aws4fetch@1.0.20: {}

  hono@4.6.9: {}

  jose@4.15.9: {}

  jose@5.2.3: {}

  lru-cache@6.0.0:
    dependencies:
      yallist: 4.0.0

  object-hash@2.2.0: {}

  oidc-token-hash@5.0.3: {}

  openid-client@5.6.4:
    dependencies:
      jose: 4.15.9
      lru-cache: 6.0.0
      object-hash: 2.2.0
      oidc-token-hash: 5.0.3

  prettier@3.3.3: {}

  sst-darwin-arm64@3.3.18:
    optional: true

  sst-darwin-x64@3.3.18:
    optional: true

  sst-linux-arm64@3.3.18:
    optional: true

  sst-linux-x64@3.3.18:
    optional: true

  sst-linux-x86@3.3.18:
    optional: true

  sst@3.3.18(hono@4.6.9):
    dependencies:
      aws4fetch: 1.0.20
      jose: 5.2.3
      openid-client: 5.6.4
    optionalDependencies:
      hono: 4.6.9
      sst-darwin-arm64: 3.3.18
      sst-darwin-x64: 3.3.18
      sst-linux-arm64: 3.3.18
      sst-linux-x64: 3.3.18
      sst-linux-x86: 3.3.18

  yallist@4.0.0: {}
